
Microsoft Visual Studio Solution File, Format Version 12.00
# Visual Studio Version 16
VisualStudioVersion = 16.0.29613.14
MinimumVisualStudioVersion = 10.0.40219.1
Project("{FAE04EC0-301F-11D3-BF4B-00C04F79EFBC}") = "TestAfternoon", "TestAfternoon.csproj", "{FE4DB48D-A496-4EC0-9E70-6F650C449D7A}"
EndProject
Global
	GlobalSection(SolutionConfigurationPlatforms) = preSolution
		Debug|Any CPU = Debug|Any CPU
		Release|Any CPU = Release|Any CPU
	EndGlobalSection
	GlobalSection(ProjectConfigurationPlatforms) = postSolution
		{FE4DB48D-A496-4EC0-9E70-6F650C449D7A}.Debug|Any CPU.ActiveCfg = Debug|Any CPU
		{FE4DB48D-A496-4EC0-9E70-6F650C449D7A}.Debug|Any CPU.Build.0 = Debug|Any CPU
		{FE4DB48D-A496-4EC0-9E70-6F650C449D7A}.Release|Any CPU.ActiveCfg = Release|Any CPU
		{FE4DB48D-A496-4EC0-9E70-6F650C449D7A}.Release|Any CPU.Build.0 = Release|Any CPU
	EndGlobalSection
	GlobalSection(SolutionProperties) = preSolution
		HideSolutionNode = FALSE
	EndGlobalSection
	GlobalSection(ExtensibilityGlobals) = postSolution
		SolutionGuid = {D9712337-57DA-44E0-A604-A93223ED93D9}
	EndGlobalSection
EndGlobal
